// !$*UTF8*$!
{
	archiveVersion = 1;
	classes = {
	};
	objectVersion = 50;
	objects = {

/* Begin PBXBuildFile section */
		490E625F238809BA00FF9DB8 /* AppDelegate.swift in Sources */ = {isa = PBXBuildFile; fileRef = 490E625E238809BA00FF9DB8 /* AppDelegate.swift */; };
		490E6261238809BA00FF9DB8 /* SceneDelegate.swift in Sources */ = {isa = PBXBuildFile; fileRef = 490E6260238809BA00FF9DB8 /* SceneDelegate.swift */; };
		490E6263238809BA00FF9DB8 /* ContentView.swift in Sources */ = {isa = PBXBuildFile; fileRef = 490E6262238809BA00FF9DB8 /* ContentView.swift */; };
		490E6265238809BC00FF9DB8 /* Assets.xcassets in Resources */ = {isa = PBXBuildFile; fileRef = 490E6264238809BC00FF9DB8 /* Assets.xcassets */; };
		490E6268238809BC00FF9DB8 /* Preview Assets.xcassets in Resources */ = {isa = PBXBuildFile; fileRef = 490E6267238809BC00FF9DB8 /* Preview Assets.xcassets */; };
		490E626B238809BC00FF9DB8 /* LaunchScreen.storyboard in Resources */ = {isa = PBXBuildFile; fileRef = 490E6269238809BC00FF9DB8 /* LaunchScreen.storyboard */; };
		490E627323880A1200FF9DB8 /* Helper.swift in Sources */ = {isa = PBXBuildFile; fileRef = 490E627223880A1200FF9DB8 /* Helper.swift */; };
		490E627623880A2600FF9DB8 /* Menu.swift in Sources */ = {isa = PBXBuildFile; fileRef = 490E627423880A2600FF9DB8 /* Menu.swift */; };
		490E627723880A2600FF9DB8 /* Order.swift in Sources */ = {isa = PBXBuildFile; fileRef = 490E627523880A2600FF9DB8 /* Order.swift */; };
		490E627923880A4C00FF9DB8 /* menu.json in Resources */ = {isa = PBXBuildFile; fileRef = 490E627823880A4C00FF9DB8 /* menu.json */; };
		490E627B23880E5400FF9DB8 /* ItemRow.swift in Sources */ = {isa = PBXBuildFile; fileRef = 490E627A23880E5400FF9DB8 /* ItemRow.swift */; };
		490E627D2388120200FF9DB8 /* ItemDetail.swift in Sources */ = {isa = PBXBuildFile; fileRef = 490E627C2388120200FF9DB8 /* ItemDetail.swift */; };
		490E627F2388174200FF9DB8 /* OrderView.swift in Sources */ = {isa = PBXBuildFile; fileRef = 490E627E2388174200FF9DB8 /* OrderView.swift */; };
		490E62812388186A00FF9DB8 /* AppView.swift in Sources */ = {isa = PBXBuildFile; fileRef = 490E62802388186A00FF9DB8 /* AppView.swift */; };
		490E6283238819D800FF9DB8 /* CheckoutView.swift in Sources */ = {isa = PBXBuildFile; fileRef = 490E6282238819D800FF9DB8 /* CheckoutView.swift */; };
/* End PBXBuildFile section */

/* Begin PBXFileReference section */
		490E625B238809BA00FF9DB8 /* Idine.app */ = {isa = PBXFileReference; explicitFileType = wrapper.application; includeInIndex = 0; path = Idine.app; sourceTree = BUILT_PRODUCTS_DIR; };
		490E625E238809BA00FF9DB8 /* AppDelegate.swift */ = {isa = PBXFileReference; lastKnownFileType = sourcecode.swift; path = AppDelegate.swift; sourceTree = "<group>"; };
		490E6260238809BA00FF9DB8 /* SceneDelegate.swift */ = {isa = PBXFileReference; lastKnownFileType = sourcecode.swift; path = SceneDelegate.swift; sourceTree = "<group>"; };
		490E6262238809BA00FF9DB8 /* ContentView.swift */ = {isa = PBXFileReference; lastKnownFileType = sourcecode.swift; path = ContentView.swift; sourceTree = "<group>"; };
		490E6264238809BC00FF9DB8 /* Assets.xcassets */ = {isa = PBXFileReference; lastKnownFileType = folder.assetcatalog; path = Assets.xcassets; sourceTree = "<group>"; };
		490E6267238809BC00FF9DB8 /* Preview Assets.xcassets */ = {isa = PBXFileReference; lastKnownFileType = folder.assetcatalog; path = "Preview Assets.xcassets"; sourceTree = "<group>"; };
		490E626A238809BC00FF9DB8 /* Base */ = {isa = PBXFileReference; lastKnownFileType = file.storyboard; name = Base; path = Base.lproj/LaunchScreen.storyboard; sourceTree = "<group>"; };
		490E626C238809BC00FF9DB8 /* Info.plist */ = {isa = PBXFileReference; lastKnownFileType = text.plist.xml; path = Info.plist; sourceTree = "<group>"; };
		490E627223880A1200FF9DB8 /* Helper.swift */ = {isa = PBXFileReference; fileEncoding = 4; lastKnownFileType = sourcecode.swift; path = Helper.swift; sourceTree = "<group>"; };
		490E627423880A2600FF9DB8 /* Menu.swift */ = {isa = PBXFileReference; fileEncoding = 4; lastKnownFileType = sourcecode.swift; path = Menu.swift; sourceTree = "<group>"; };
		490E627523880A2600FF9DB8 /* Order.swift */ = {isa = PBXFileReference; fileEncoding = 4; lastKnownFileType = sourcecode.swift; path = Order.swift; sourceTree = "<group>"; };
		490E627823880A4C00FF9DB8 /* menu.json */ = {isa = PBXFileReference; fileEncoding = 4; lastKnownFileType = text.json; path = menu.json; sourceTree = "<group>"; };
		490E627A23880E5400FF9DB8 /* ItemRow.swift */ = {isa = PBXFileReference; lastKnownFileType = sourcecode.swift; path = ItemRow.swift; sourceTree = "<group>"; };
		490E627C2388120200FF9DB8 /* ItemDetail.swift */ = {isa = PBXFileReference; lastKnownFileType = sourcecode.swift; path = ItemDetail.swift; sourceTree = "<group>"; };
		490E627E2388174200FF9DB8 /* OrderView.swift */ = {isa = PBXFileReference; lastKnownFileType = sourcecode.swift; path = OrderView.swift; sourceTree = "<group>"; };
		490E62802388186A00FF9DB8 /* AppView.swift */ = {isa = PBXFileReference; lastKnownFileType = sourcecode.swift; path = AppView.swift; sourceTree = "<group>"; };
		490E6282238819D800FF9DB8 /* CheckoutView.swift */ = {isa = PBXFileReference; lastKnownFileType = sourcecode.swift; path = CheckoutView.swift; sourceTree = "<group>"; };
/* End PBXFileReference section */

/* Begin PBXFrameworksBuildPhase section */
		490E6258238809BA00FF9DB8 /* Frameworks */ = {
			isa = PBXFrameworksBuildPhase;
			buildActionMask = 2147483647;
			files = (
			);
			runOnlyForDeploymentPostprocessing = 0;
		};
/* End PBXFrameworksBuildPhase section */

/* Begin PBXGroup section */
		490E6252238809BA00FF9DB8 = {
			isa = PBXGroup;
			children = (
				490E625D238809BA00FF9DB8 /* Idine */,
				490E625C238809BA00FF9DB8 /* Products */,
			);
			sourceTree = "<group>";
		};
		490E625C238809BA00FF9DB8 /* Products */ = {
			isa = PBXGroup;
			children = (
				490E625B238809BA00FF9DB8 /* Idine.app */,
			);
			name = Products;
			sourceTree = "<group>";
		};
		490E625D238809BA00FF9DB8 /* Idine */ = {
			isa = PBXGroup;
			children = (
				490E627823880A4C00FF9DB8 /* menu.json */,
				490E627423880A2600FF9DB8 /* Menu.swift */,
				490E627523880A2600FF9DB8 /* Order.swift */,
				490E627223880A1200FF9DB8 /* Helper.swift */,
				490E625E238809BA00FF9DB8 /* AppDelegate.swift */,
				490E6260238809BA00FF9DB8 /* SceneDelegate.swift */,
				490E627E2388174200FF9DB8 /* OrderView.swift */,
				490E62802388186A00FF9DB8 /* AppView.swift */,
				490E6282238819D800FF9DB8 /* CheckoutView.swift */,
				490E6262238809BA00FF9DB8 /* ContentView.swift */,
				490E627A23880E5400FF9DB8 /* ItemRow.swift */,
				490E627C2388120200FF9DB8 /* ItemDetail.swift */,
				490E6264238809BC00FF9DB8 /* Assets.xcassets */,
				490E6269238809BC00FF9DB8 /* LaunchScreen.storyboard */,
				490E626C238809BC00FF9DB8 /* Info.plist */,
				490E6266238809BC00FF9DB8 /* Preview Content */,
			);
			path = Idine;
			sourceTree = "<group>";
		};
		490E6266238809BC00FF9DB8 /* Preview Content */ = {
			isa = PBXGroup;
			children = (
				490E6267238809BC00FF9DB8 /* Preview Assets.xcassets */,
			);
			path = "Preview Content";
			sourceTree = "<group>";
		};
/* End PBXGroup section */

/* Begin PBXNativeTarget section */
		490E625A238809BA00FF9DB8 /* Idine */ = {
			isa = PBXNativeTarget;
			buildConfigurationList = 490E626F238809BC00FF9DB8 /* Build configuration list for PBXNativeTarget "Idine" */;
			buildPhases = (
				490E6257238809BA00FF9DB8 /* Sources */,
				490E6258238809BA00FF9DB8 /* Frameworks */,
				490E6259238809BA00FF9DB8 /* Resources */,
			);
			buildRules = (
			);
			dependencies = (
			);
			name = Idine;
			productName = Idine;
			productReference = 490E625B238809BA00FF9DB8 /* Idine.app */;
			productType = "com.apple.product-type.application";
		};
/* End PBXNativeTarget section */

/* Begin PBXProject section */
		490E6253238809BA00FF9DB8 /* Project object */ = {
			isa = PBXProject;
			attributes = {
				LastSwiftUpdateCheck = 1120;
				LastUpgradeCheck = 1120;
				ORGANIZATIONNAME = "luu van";
				TargetAttributes = {
					490E625A238809BA00FF9DB8 = {
						CreatedOnToolsVersion = 11.2.1;
					};
				};
			};
			buildConfigurationList = 490E6256238809BA00FF9DB8 /* Build configuration list for PBXProject "Idine" */;
			compatibilityVersion = "Xcode 9.3";
			developmentRegion = en;
			hasScannedForEncodings = 0;
			knownRegions = (
				en,
				Base,
			);
			mainGroup = 490E6252238809BA00FF9DB8;
			productRefGroup = 490E625C238809BA00FF9DB8 /* Products */;
			projectDirPath = "";
			projectRoot = "";
			targets = (
				490E625A238809BA00FF9DB8 /* Idine */,
			);
		};
/* End PBXProject section */

/* Begin PBXResourcesBuildPhase section */
		490E6259238809BA00FF9DB8 /* Resources */ = {
			isa = PBXResourcesBuildPhase;
			buildActionMask = 2147483647;
			files = (
				490E626B238809BC00FF9DB8 /* LaunchScreen.storyboard in Resources */,
				490E6268238809BC00FF9DB8 /* Preview Assets.xcassets in Resources */,
				490E627923880A4C00FF9DB8 /* menu.json in Resources */,
				490E6265238809BC00FF9DB8 /* Assets.xcassets in Resources */,
			);
			runOnlyForDeploymentPostprocessing = 0;
		};
/* End PBXResourcesBuildPhase section */

/* Begin PBXSourcesBuildPhase section */
		490E6257238809BA00FF9DB8 /* Sources */ = {
			isa = PBXSourcesBuildPhase;
			buildActionMask = 2147483647;
			files = (
				490E627723880A2600FF9DB8 /* Order.swift in Sources */,
				490E6283238819D800FF9DB8 /* CheckoutView.swift in Sources */,
				490E625F238809BA00FF9DB8 /* AppDelegate.swift in Sources */,
				490E6261238809BA00FF9DB8 /* SceneDelegate.swift in Sources */,
				490E627B23880E5400FF9DB8 /* ItemRow.swift in Sources */,
				490E6263238809BA00FF9DB8 /* ContentView.swift in Sources */,
				490E627D2388120200FF9DB8 /* ItemDetail.swift in Sources */,
				490E627F2388174200FF9DB8 /* OrderView.swift in Sources */,
				490E627323880A1200FF9DB8 /* Helper.swift in Sources */,
				490E62812388186A00FF9DB8 /* AppView.swift in Sources */,
				490E627623880A2600FF9DB8 /* Menu.swift in Sources */,
			);
			runOnlyForDeploymentPostprocessing = 0;
		};
/* End PBXSourcesBuildPhase section */

/* Begin PBXVariantGroup section */
		490E6269238809BC00FF9DB8 /* LaunchScreen.storyboard */ = {
			isa = PBXVariantGroup;
			children = (
				490E626A238809BC00FF9DB8 /* Base */,
			);
			name = LaunchScreen.storyboard;
			sourceTree = "<group>";
		};
/* End PBXVariantGroup section */

/* Begin XCBuildConfiguration section */
		490E626D238809BC00FF9DB8 /* Debug */ = {
			isa = XCBuildConfiguration;
			buildSettings = {
				ALWAYS_SEARCH_USER_PATHS = NO;
				CLANG_ANALYZER_NONNULL = YES;
				CLANG_ANALYZER_NUMBER_OBJECT_CONVERSION = YES_AGGRESSIVE;
				CLANG_CXX_LANGUAGE_STANDARD = "gnu++14";
				CLANG_CXX_LIBRARY = "libc++";
				CLANG_ENABLE_MODULES = YES;
				CLANG_ENABLE_OBJC_ARC = YES;
				CLANG_ENABLE_OBJC_WEAK = YES;
				CLANG_WARN_BLOCK_CAPTURE_AUTORELEASING = YES;
				CLANG_WARN_BOOL_CONVERSION = YES;
				CLANG_WARN_COMMA = YES;
				CLANG_WARN_CONSTANT_CONVERSION = YES;
				CLANG_WARN_DEPRECATED_OBJC_IMPLEMENTATIONS = YES;
				CLANG_WARN_DIRECT_OBJC_ISA_USAGE = YES_ERROR;
				CLANG_WARN_DOCUMENTATION_COMMENTS = YES;
				CLANG_WARN_EMPTY_BODY = YES;
				CLANG_WARN_ENUM_CONVERSION = YES;
				CLANG_WARN_INFINITE_RECURSION = YES;
				CLANG_WARN_INT_CONVERSION = YES;
				CLANG_WARN_NON_LITERAL_NULL_CONVERSION = YES;
				CLANG_WARN_OBJC_IMPLICIT_RETAIN_SELF = YES;
				CLANG_WARN_OBJC_LITERAL_CONVERSION = YES;
				CLANG_WARN_OBJC_ROOT_CLASS = YES_ERROR;
				CLANG_WARN_RANGE_LOOP_ANALYSIS = YES;
				CLANG_WARN_STRICT_PROTOTYPES = YES;
				CLANG_WARN_SUSPICIOUS_MOVE = YES;
				CLANG_WARN_UNGUARDED_AVAILABILITY = YES_AGGRESSIVE;
				CLANG_WARN_UNREACHABLE_CODE = YES;
				CLANG_WARN__DUPLICATE_METHOD_MATCH = YES;
				COPY_PHASE_STRIP = NO;
				DEBUG_INFORMATION_FORMAT = dwarf;
				ENABLE_STRICT_OBJC_MSGSEND = YES;
				ENABLE_TESTABILITY = YES;
				GCC_C_LANGUAGE_STANDARD = gnu11;
				GCC_DYNAMIC_NO_PIC = NO;
				GCC_NO_COMMON_BLOCKS = YES;
				GCC_OPTIMIZATION_LEVEL = 0;
				GCC_PREPROCESSOR_DEFINITIONS = (
					"DEBUG=1",
					"$(inherited)",
				);
				GCC_WARN_64_TO_32_BIT_CONVERSION = YES;
				GCC_WARN_ABOUT_RETURN_TYPE = YES_ERROR;
				GCC_WARN_UNDECLARED_SELECTOR = YES;
				GCC_WARN_UNINITIALIZED_AUTOS = YES_AGGRESSIVE;
				GCC_WARN_UNUSED_FUNCTION = YES;
				GCC_WARN_UNUSED_VARIABLE = YES;
				IPHONEOS_DEPLOYMENT_TARGET = 13.2;
				MTL_ENABLE_DEBUG_INFO = INCLUDE_SOURCE;
				MTL_FAST_MATH = YES;
				ONLY_ACTIVE_ARCH = YES;
				SDKROOT = iphoneos;
				SWIFT_ACTIVE_COMPILATION_CONDITIONS = DEBUG;
				SWIFT_OPTIMIZATION_LEVEL = "-Onone";
			};
			name = Debug;
		};
		490E626E238809BC00FF9DB8 /* Release */ = {
			isa = XCBuildConfiguration;
			buildSettings = {
				ALWAYS_SEARCH_USER_PATHS = NO;
				CLANG_ANALYZER_NONNULL = YES;
				CLANG_ANALYZER_NUMBER_OBJECT_CONVERSION = YES_AGGRESSIVE;
				CLANG_CXX_LANGUAGE_STANDARD = "gnu++14";
				CLANG_CXX_LIBRARY = "libc++";
				CLANG_ENABLE_MODULES = YES;
				CLANG_ENABLE_OBJC_ARC = YES;
				CLANG_ENABLE_OBJC_WEAK = YES;
				CLANG_WARN_BLOCK_CAPTURE_AUTORELEASING = YES;
				CLANG_WARN_BOOL_CONVERSION = YES;
				CLANG_WARN_COMMA = YES;
				CLANG_WARN_CONSTANT_CONVERSION = YES;
				CLANG_WARN_DEPRECATED_OBJC_IMPLEMENTATIONS = YES;
				CLANG_WARN_DIRECT_OBJC_ISA_USAGE = YES_ERROR;
				CLANG_WARN_DOCUMENTATION_COMMENTS = YES;
				CLANG_WARN_EMPTY_BODY = YES;
				CLANG_WARN_ENUM_CONVERSION = YES;
				CLANG_WARN_INFINITE_RECURSION = YES;
				CLANG_WARN_INT_CONVERSION = YES;
				CLANG_WARN_NON_LITERAL_NULL_CONVERSION = YES;
				CLANG_WARN_OBJC_IMPLICIT_RETAIN_SELF = YES;
				CLANG_WARN_OBJC_LITERAL_CONVERSION = YES;
				CLANG_WARN_OBJC_ROOT_CLASS = YES_ERROR;
				CLANG_WARN_RANGE_LOOP_ANALYSIS = YES;
				CLANG_WARN_STRICT_PROTOTYPES = YES;
				CLANG_WARN_SUSPICIOUS_MOVE = YES;
				CLANG_WARN_UNGUARDED_AVAILABILITY = YES_AGGRESSIVE;
				CLANG_WARN_UNREACHABLE_CODE = YES;
				CLANG_WARN__DUPLICATE_METHOD_MATCH = YES;
				COPY_PHASE_STRIP = NO;
				DEBUG_INFORMATION_FORMAT = "dwarf-with-dsym";
				ENABLE_NS_ASSERTIONS = NO;
				ENABLE_STRICT_OBJC_MSGSEND = YES;
				GCC_C_LANGUAGE_STANDARD = gnu11;
				GCC_NO_COMMON_BLOCKS = YES;
				GCC_WARN_64_TO_32_BIT_CONVERSION = YES;
				GCC_WARN_ABOUT_RETURN_TYPE = YES_ERROR;
				GCC_WARN_UNDECLARED_SELECTOR = YES;
				GCC_WARN_UNINITIALIZED_AUTOS = YES_AGGRESSIVE;
				GCC_WARN_UNUSED_FUNCTION = YES;
				GCC_WARN_UNUSED_VARIABLE = YES;
				IPHONEOS_DEPLOYMENT_TARGET = 13.2;
				MTL_ENABLE_DEBUG_INFO = NO;
				MTL_FAST_MATH = YES;
				SDKROOT = iphoneos;
				SWIFT_COMPILATION_MODE = wholemodule;
				SWIFT_OPTIMIZATION_LEVEL = "-O";
				VALIDATE_PRODUCT = YES;
			};
			name = Release;
		};
		490E6270238809BC00FF9DB8 /* Debug */ = {
			isa = XCBuildConfiguration;
			buildSettings = {
				ASSETCATALOG_COMPILER_APPICON_NAME = AppIcon;
				CODE_SIGN_STYLE = Automatic;
				DEVELOPMENT_ASSET_PATHS = "\"Idine/Preview Content\"";
				ENABLE_PREVIEWS = YES;
				INFOPLIST_FILE = Idine/Info.plist;
				LD_RUNPATH_SEARCH_PATHS = (
					"$(inherited)",
					"@executable_path/Frameworks",
				);
				PRODUCT_BUNDLE_IDENTIFIER = luuvan.Idine;
				PRODUCT_NAME = "$(TARGET_NAME)";
				SWIFT_VERSION = 5.0;
				TARGETED_DEVICE_FAMILY = "1,2";
			};
			name = Debug;
		};
		490E6271238809BC00FF9DB8 /* Release */ = {
			isa = XCBuildConfiguration;
			buildSettings = {
				ASSETCATALOG_COMPILER_APPICON_NAME = AppIcon;
				CODE_SIGN_STYLE = Automatic;
				DEVELOPMENT_ASSET_PATHS = "\"Idine/Preview Content\"";
				ENABLE_PREVIEWS = YES;
				INFOPLIST_FILE = Idine/Info.plist;
				LD_RUNPATH_SEARCH_PATHS = (
					"$(inherited)",
					"@executable_path/Frameworks",
				);
				PRODUCT_BUNDLE_IDENTIFIER = luuvan.Idine;
				PRODUCT_NAME = "$(TARGET_NAME)";
				SWIFT_VERSION = 5.0;
				TARGETED_DEVICE_FAMILY = "1,2";
			};
			name = Release;
		};
/* End XCBuildConfiguration section */

/* Begin XCConfigurationList section */
		490E6256238809BA00FF9DB8 /* Build configuration list for PBXProject "Idine" */ = {
			isa = XCConfigurationList;
			buildConfigurations = (
				490E626D238809BC00FF9DB8 /* Debug */,
				490E626E238809BC00FF9DB8 /* Release */,
			);
			defaultConfigurationIsVisible = 0;
			defaultConfigurationName = Release;
		};
		490E626F238809BC00FF9DB8 /* Build configuration list for PBXNativeTarget "Idine" */ = {
			isa = XCConfigurationList;
			buildConfigurations = (
				490E6270238809BC00FF9DB8 /* Debug */,
				490E6271238809BC00FF9DB8 /* Release */,
			);
			defaultConfigurationIsVisible = 0;
			defaultConfigurationName = Release;
		};
/* End XCConfigurationList section */
	};
	rootObject = 490E6253238809BA00FF9DB8 /* Project object */;
}
